
Microsoft Visual Studio Solution File, Format Version 12.00
# Visual Studio 2012
Project("{FAE04EC0-301F-11D3-BF4B-00C04F79EFBC}") = "AIWars.Web", "AIWars.Web\AIWars.Web.csproj", "{1DE9197D-9226-435C-9A35-8B29E5FB8016}"
EndProject
Project("{FAE04EC0-301F-11D3-BF4B-00C04F79EFBC}") = "AIWars.Web.Tests", "AIWars.Web.Tests\AIWars.Web.Tests.csproj", "{DB326056-836D-499B-94C1-48887B041FB6}"
EndProject
Project("{FAE04EC0-301F-11D3-BF4B-00C04F79EFBC}") = "AIWars.Core", "AIWars.Core\AIWars.Core.csproj", "{E237EBEF-D5E5-4389-A6B0-8DA883D5B2C9}"
EndProject
Project("{FAE04EC0-301F-11D3-BF4B-00C04F79EFBC}") = "AIWars.Core.Tests", "AIWars.Core.Tests\AIWars.Core.Tests.csproj", "{535AD3F1-C7D7-4777-96F5-116E935C414F}"
EndProject
Project("{2150E333-8FDC-42A3-9474-1A3956D46DE8}") = "Tests", "Tests", "{068912CC-C221-4D63-8E2E-ED747FF2DF00}"
EndProject
Project("{FAE04EC0-301F-11D3-BF4B-00C04F79EFBC}") = "AIWars.ConsoleApp", "AIWars.Console\AIWars.ConsoleApp.csproj", "{73305ED6-9A66-43D4-9F05-E16CCE88B08E}"
EndProject
Project("{2150E333-8FDC-42A3-9474-1A3956D46DE8}") = ".nuget", ".nuget", "{B01ADAB8-F966-409C-92A2-0338D8CC4ADE}"
	ProjectSection(SolutionItems) = preProject
		.nuget\NuGet.Config = .nuget\NuGet.Config
		.nuget\NuGet.exe = .nuget\NuGet.exe
		.nuget\NuGet.targets = .nuget\NuGet.targets
	EndProjectSection
EndProject
Global
	GlobalSection(SolutionConfigurationPlatforms) = preSolution
		Debug|Any CPU = Debug|Any CPU
		Release|Any CPU = Release|Any CPU
	EndGlobalSection
	GlobalSection(ProjectConfigurationPlatforms) = postSolution
		{1DE9197D-9226-435C-9A35-8B29E5FB8016}.Debug|Any CPU.ActiveCfg = Debug|Any CPU
		{1DE9197D-9226-435C-9A35-8B29E5FB8016}.Debug|Any CPU.Build.0 = Debug|Any CPU
		{1DE9197D-9226-435C-9A35-8B29E5FB8016}.Release|Any CPU.ActiveCfg = Release|Any CPU
		{1DE9197D-9226-435C-9A35-8B29E5FB8016}.Release|Any CPU.Build.0 = Release|Any CPU
		{DB326056-836D-499B-94C1-48887B041FB6}.Debug|Any CPU.ActiveCfg = Debug|Any CPU
		{DB326056-836D-499B-94C1-48887B041FB6}.Debug|Any CPU.Build.0 = Debug|Any CPU
		{DB326056-836D-499B-94C1-48887B041FB6}.Release|Any CPU.ActiveCfg = Release|Any CPU
		{DB326056-836D-499B-94C1-48887B041FB6}.Release|Any CPU.Build.0 = Release|Any CPU
		{E237EBEF-D5E5-4389-A6B0-8DA883D5B2C9}.Debug|Any CPU.ActiveCfg = Debug|Any CPU
		{E237EBEF-D5E5-4389-A6B0-8DA883D5B2C9}.Debug|Any CPU.Build.0 = Debug|Any CPU
		{E237EBEF-D5E5-4389-A6B0-8DA883D5B2C9}.Release|Any CPU.ActiveCfg = Release|Any CPU
		{E237EBEF-D5E5-4389-A6B0-8DA883D5B2C9}.Release|Any CPU.Build.0 = Release|Any CPU
		{535AD3F1-C7D7-4777-96F5-116E935C414F}.Debug|Any CPU.ActiveCfg = Debug|Any CPU
		{535AD3F1-C7D7-4777-96F5-116E935C414F}.Debug|Any CPU.Build.0 = Debug|Any CPU
		{535AD3F1-C7D7-4777-96F5-116E935C414F}.Release|Any CPU.ActiveCfg = Release|Any CPU
		{535AD3F1-C7D7-4777-96F5-116E935C414F}.Release|Any CPU.Build.0 = Release|Any CPU
		{73305ED6-9A66-43D4-9F05-E16CCE88B08E}.Debug|Any CPU.ActiveCfg = Debug|Any CPU
		{73305ED6-9A66-43D4-9F05-E16CCE88B08E}.Debug|Any CPU.Build.0 = Debug|Any CPU
		{73305ED6-9A66-43D4-9F05-E16CCE88B08E}.Release|Any CPU.ActiveCfg = Release|Any CPU
		{73305ED6-9A66-43D4-9F05-E16CCE88B08E}.Release|Any CPU.Build.0 = Release|Any CPU
	EndGlobalSection
	GlobalSection(SolutionProperties) = preSolution
		HideSolutionNode = FALSE
	EndGlobalSection
	GlobalSection(NestedProjects) = preSolution
		{535AD3F1-C7D7-4777-96F5-116E935C414F} = {068912CC-C221-4D63-8E2E-ED747FF2DF00}
		{DB326056-836D-499B-94C1-48887B041FB6} = {068912CC-C221-4D63-8E2E-ED747FF2DF00}
	EndGlobalSection
EndGlobal
